
Microsoft Visual Studio Solution File, Format Version 12.00
# Visual Studio Version 16
VisualStudioVersion = 16.0.29201.188
MinimumVisualStudioVersion = 10.0.40219.1
Project("{9A19103F-16F7-4668-BE54-9A1E7A4F7556}") = "Expoceep", "Expoceep\Expoceep.csproj", "{52C20819-0899-4F15-99AD-DD626D6CADEB}"
EndProject
Global
	GlobalSection(SolutionConfigurationPlatforms) = preSolution
		Debug|Any CPU = Debug|Any CPU
		Release|Any CPU = Release|Any CPU
	EndGlobalSection
	GlobalSection(ProjectConfigurationPlatforms) = postSolution
		{52C20819-0899-4F15-99AD-DD626D6CADEB}.Debug|Any CPU.ActiveCfg = Debug|Any CPU
		{52C20819-0899-4F15-99AD-DD626D6CADEB}.Debug|Any CPU.Build.0 = Debug|Any CPU
		{52C20819-0899-4F15-99AD-DD626D6CADEB}.Release|Any CPU.ActiveCfg = Release|Any CPU
		{52C20819-0899-4F15-99AD-DD626D6CADEB}.Release|Any CPU.Build.0 = Release|Any CPU
	EndGlobalSection
	GlobalSection(SolutionProperties) = preSolution
		HideSolutionNode = FALSE
	EndGlobalSection
	GlobalSection(ExtensibilityGlobals) = postSolution
		SolutionGuid = {85074951-3E22-4511-BF6D-7CF678F4AB92}
	EndGlobalSection
EndGlobal
